// !$*UTF8*$!
{
	archiveVersion = 1;
	classes = {
	};
	objectVersion = 56;
	objects = {

/* Begin PBXBuildFile section */
		436139312A971646004DDE89 /* RegistrationView.swift in Sources */ = {isa = PBXBuildFile; fileRef = 436139302A971646004DDE89 /* RegistrationView.swift */; };
		436139342A9719F0004DDE89 /* ThreadsTextFieldModifier.swift in Sources */ = {isa = PBXBuildFile; fileRef = 436139332A9719F0004DDE89 /* ThreadsTextFieldModifier.swift */; };
		436139362A971B13004DDE89 /* ThreadsButtonModifier.swift in Sources */ = {isa = PBXBuildFile; fileRef = 436139352A971B13004DDE89 /* ThreadsButtonModifier.swift */; };
		4361393A2A972258004DDE89 /* ThreadsTabView.swift in Sources */ = {isa = PBXBuildFile; fileRef = 436139392A972258004DDE89 /* ThreadsTabView.swift */; };
		436139432A972983004DDE89 /* FeedView.swift in Sources */ = {isa = PBXBuildFile; fileRef = 436139422A972983004DDE89 /* FeedView.swift */; };
		436139462A972998004DDE89 /* ExploreView.swift in Sources */ = {isa = PBXBuildFile; fileRef = 436139452A972998004DDE89 /* ExploreView.swift */; };
		436139492A9729A7004DDE89 /* ThreadCreationView.swift in Sources */ = {isa = PBXBuildFile; fileRef = 436139482A9729A7004DDE89 /* ThreadCreationView.swift */; };
		4361394C2A9729C2004DDE89 /* ActivitiyView.swift in Sources */ = {isa = PBXBuildFile; fileRef = 4361394B2A9729C2004DDE89 /* ActivitiyView.swift */; };
		4361394F2A9729D1004DDE89 /* ProfileView.swift in Sources */ = {isa = PBXBuildFile; fileRef = 4361394E2A9729D1004DDE89 /* ProfileView.swift */; };
		436873B42A94A15900192D64 /* ThreadsTutorialsApp.swift in Sources */ = {isa = PBXBuildFile; fileRef = 436873B32A94A15900192D64 /* ThreadsTutorialsApp.swift */; };
		436873B62A94A15900192D64 /* ContentView.swift in Sources */ = {isa = PBXBuildFile; fileRef = 436873B52A94A15900192D64 /* ContentView.swift */; };
		436873B82A94A15900192D64 /* Assets.xcassets in Resources */ = {isa = PBXBuildFile; fileRef = 436873B72A94A15900192D64 /* Assets.xcassets */; };
		436873BB2A94A15900192D64 /* Preview Assets.xcassets in Resources */ = {isa = PBXBuildFile; fileRef = 436873BA2A94A15900192D64 /* Preview Assets.xcassets */; };
		436873CC2A94A32A00192D64 /* LoginView.swift in Sources */ = {isa = PBXBuildFile; fileRef = 436873CB2A94A32A00192D64 /* LoginView.swift */; };
/* End PBXBuildFile section */

/* Begin PBXFileReference section */
		436139302A971646004DDE89 /* RegistrationView.swift */ = {isa = PBXFileReference; lastKnownFileType = sourcecode.swift; path = RegistrationView.swift; sourceTree = "<group>"; };
		436139332A9719F0004DDE89 /* ThreadsTextFieldModifier.swift */ = {isa = PBXFileReference; lastKnownFileType = sourcecode.swift; path = ThreadsTextFieldModifier.swift; sourceTree = "<group>"; };
		436139352A971B13004DDE89 /* ThreadsButtonModifier.swift */ = {isa = PBXFileReference; lastKnownFileType = sourcecode.swift; path = ThreadsButtonModifier.swift; sourceTree = "<group>"; };
		436139392A972258004DDE89 /* ThreadsTabView.swift */ = {isa = PBXFileReference; lastKnownFileType = sourcecode.swift; path = ThreadsTabView.swift; sourceTree = "<group>"; };
		436139422A972983004DDE89 /* FeedView.swift */ = {isa = PBXFileReference; lastKnownFileType = sourcecode.swift; path = FeedView.swift; sourceTree = "<group>"; };
		436139452A972998004DDE89 /* ExploreView.swift */ = {isa = PBXFileReference; lastKnownFileType = sourcecode.swift; path = ExploreView.swift; sourceTree = "<group>"; };
		436139482A9729A7004DDE89 /* ThreadCreationView.swift */ = {isa = PBXFileReference; lastKnownFileType = sourcecode.swift; path = ThreadCreationView.swift; sourceTree = "<group>"; };
		4361394B2A9729C2004DDE89 /* ActivitiyView.swift */ = {isa = PBXFileReference; lastKnownFileType = sourcecode.swift; path = ActivitiyView.swift; sourceTree = "<group>"; };
		4361394E2A9729D1004DDE89 /* ProfileView.swift */ = {isa = PBXFileReference; lastKnownFileType = sourcecode.swift; path = ProfileView.swift; sourceTree = "<group>"; };
		436873B02A94A15900192D64 /* ThreadsTutorials.app */ = {isa = PBXFileReference; explicitFileType = wrapper.application; includeInIndex = 0; path = ThreadsTutorials.app; sourceTree = BUILT_PRODUCTS_DIR; };
		436873B32A94A15900192D64 /* ThreadsTutorialsApp.swift */ = {isa = PBXFileReference; lastKnownFileType = sourcecode.swift; path = ThreadsTutorialsApp.swift; sourceTree = "<group>"; };
		436873B52A94A15900192D64 /* ContentView.swift */ = {isa = PBXFileReference; lastKnownFileType = sourcecode.swift; path = ContentView.swift; sourceTree = "<group>"; };
		436873B72A94A15900192D64 /* Assets.xcassets */ = {isa = PBXFileReference; lastKnownFileType = folder.assetcatalog; path = Assets.xcassets; sourceTree = "<group>"; };
		436873BA2A94A15900192D64 /* Preview Assets.xcassets */ = {isa = PBXFileReference; lastKnownFileType = folder.assetcatalog; path = "Preview Assets.xcassets"; sourceTree = "<group>"; };
		436873CB2A94A32A00192D64 /* LoginView.swift */ = {isa = PBXFileReference; lastKnownFileType = sourcecode.swift; path = LoginView.swift; sourceTree = "<group>"; };
/* End PBXFileReference section */

/* Begin PBXFrameworksBuildPhase section */
		436873AD2A94A15900192D64 /* Frameworks */ = {
			isa = PBXFrameworksBuildPhase;
			buildActionMask = 2147483647;
			files = (
			);
			runOnlyForDeploymentPostprocessing = 0;
		};
/* End PBXFrameworksBuildPhase section */

/* Begin PBXGroup section */
		436139322A9719AF004DDE89 /* ViewModifiers */ = {
			isa = PBXGroup;
			children = (
				436139332A9719F0004DDE89 /* ThreadsTextFieldModifier.swift */,
				436139352A971B13004DDE89 /* ThreadsButtonModifier.swift */,
			);
			path = ViewModifiers;
			sourceTree = "<group>";
		};
		436139372A972238004DDE89 /* Root */ = {
			isa = PBXGroup;
			children = (
			);
			path = Root;
			sourceTree = "<group>";
		};
		436139382A97223F004DDE89 /* TabBar */ = {
			isa = PBXGroup;
			children = (
				436139392A972258004DDE89 /* ThreadsTabView.swift */,
			);
			path = TabBar;
			sourceTree = "<group>";
		};
		4361393B2A9728BB004DDE89 /* Feed */ = {
			isa = PBXGroup;
			children = (
				436139412A972979004DDE89 /* View */,
			);
			path = Feed;
			sourceTree = "<group>";
		};
		4361393C2A9728C4004DDE89 /* Explore */ = {
			isa = PBXGroup;
			children = (
				436139442A97298E004DDE89 /* View */,
			);
			path = Explore;
			sourceTree = "<group>";
		};
		4361393D2A9728CA004DDE89 /* ThreadCreation */ = {
			isa = PBXGroup;
			children = (
				436139472A97299C004DDE89 /* View */,
			);
			path = ThreadCreation;
			sourceTree = "<group>";
		};
		4361393E2A9728D1004DDE89 /* Activity */ = {
			isa = PBXGroup;
			children = (
				4361394A2A9729AE004DDE89 /* View */,
			);
			path = Activity;
			sourceTree = "<group>";
		};
		436139402A9728E4004DDE89 /* Profile */ = {
			isa = PBXGroup;
			children = (
				4361394D2A9729C6004DDE89 /* View */,
			);
			path = Profile;
			sourceTree = "<group>";
		};
		436139412A972979004DDE89 /* View */ = {
			isa = PBXGroup;
			children = (
				436139422A972983004DDE89 /* FeedView.swift */,
			);
			path = View;
			sourceTree = "<group>";
		};
		436139442A97298E004DDE89 /* View */ = {
			isa = PBXGroup;
			children = (
				436139452A972998004DDE89 /* ExploreView.swift */,
			);
			path = View;
			sourceTree = "<group>";
		};
		436139472A97299C004DDE89 /* View */ = {
			isa = PBXGroup;
			children = (
				436139482A9729A7004DDE89 /* ThreadCreationView.swift */,
			);
			path = View;
			sourceTree = "<group>";
		};
		4361394A2A9729AE004DDE89 /* View */ = {
			isa = PBXGroup;
			children = (
				4361394B2A9729C2004DDE89 /* ActivitiyView.swift */,
			);
			path = View;
			sourceTree = "<group>";
		};
		4361394D2A9729C6004DDE89 /* View */ = {
			isa = PBXGroup;
			children = (
				4361394E2A9729D1004DDE89 /* ProfileView.swift */,
			);
			path = View;
			sourceTree = "<group>";
		};
		436873A72A94A15900192D64 = {
			isa = PBXGroup;
			children = (
				436873B22A94A15900192D64 /* ThreadsTutorials */,
				436873B12A94A15900192D64 /* Products */,
			);
			sourceTree = "<group>";
		};
		436873B12A94A15900192D64 /* Products */ = {
			isa = PBXGroup;
			children = (
				436873B02A94A15900192D64 /* ThreadsTutorials.app */,
			);
			name = Products;
			sourceTree = "<group>";
		};
		436873B22A94A15900192D64 /* ThreadsTutorials */ = {
			isa = PBXGroup;
			children = (
				436873C62A94A1DB00192D64 /* App */,
				436873C52A94A1D900192D64 /* Core */,
				436873C42A94A1D600192D64 /* Extensions */,
				436873C32A94A1D100192D64 /* Model */,
				436873C22A94A1CD00192D64 /* Services */,
				436873C12A94A1C800192D64 /* Utils */,
				436873B52A94A15900192D64 /* ContentView.swift */,
				436873B72A94A15900192D64 /* Assets.xcassets */,
				436873B92A94A15900192D64 /* Preview Content */,
			);
			path = ThreadsTutorials;
			sourceTree = "<group>";
		};
		436873B92A94A15900192D64 /* Preview Content */ = {
			isa = PBXGroup;
			children = (
				436873BA2A94A15900192D64 /* Preview Assets.xcassets */,
			);
			path = "Preview Content";
			sourceTree = "<group>";
		};
		436873C12A94A1C800192D64 /* Utils */ = {
			isa = PBXGroup;
			children = (
				436139322A9719AF004DDE89 /* ViewModifiers */,
			);
			path = Utils;
			sourceTree = "<group>";
		};
		436873C22A94A1CD00192D64 /* Services */ = {
			isa = PBXGroup;
			children = (
			);
			path = Services;
			sourceTree = "<group>";
		};
		436873C32A94A1D100192D64 /* Model */ = {
			isa = PBXGroup;
			children = (
			);
			path = Model;
			sourceTree = "<group>";
		};
		436873C42A94A1D600192D64 /* Extensions */ = {
			isa = PBXGroup;
			children = (
			);
			path = Extensions;
			sourceTree = "<group>";
		};
		436873C52A94A1D900192D64 /* Core */ = {
			isa = PBXGroup;
			children = (
				436139372A972238004DDE89 /* Root */,
				436873C72A94A24300192D64 /* Authentication */,
				436139382A97223F004DDE89 /* TabBar */,
				4361393B2A9728BB004DDE89 /* Feed */,
				4361393C2A9728C4004DDE89 /* Explore */,
				4361393D2A9728CA004DDE89 /* ThreadCreation */,
				4361393E2A9728D1004DDE89 /* Activity */,
				436139402A9728E4004DDE89 /* Profile */,
			);
			path = Core;
			sourceTree = "<group>";
		};
		436873C62A94A1DB00192D64 /* App */ = {
			isa = PBXGroup;
			children = (
				436873B32A94A15900192D64 /* ThreadsTutorialsApp.swift */,
			);
			path = App;
			sourceTree = "<group>";
		};
		436873C72A94A24300192D64 /* Authentication */ = {
			isa = PBXGroup;
			children = (
				436873C82A94A25600192D64 /* Views */,
			);
			path = Authentication;
			sourceTree = "<group>";
		};
		436873C82A94A25600192D64 /* Views */ = {
			isa = PBXGroup;
			children = (
				436873CB2A94A32A00192D64 /* LoginView.swift */,
				436139302A971646004DDE89 /* RegistrationView.swift */,
			);
			path = Views;
			sourceTree = "<group>";
		};
/* End PBXGroup section */

/* Begin PBXNativeTarget section */
		436873AF2A94A15900192D64 /* ThreadsTutorials */ = {
			isa = PBXNativeTarget;
			buildConfigurationList = 436873BE2A94A15900192D64 /* Build configuration list for PBXNativeTarget "ThreadsTutorials" */;
			buildPhases = (
				436873AC2A94A15900192D64 /* Sources */,
				436873AD2A94A15900192D64 /* Frameworks */,
				436873AE2A94A15900192D64 /* Resources */,
			);
			buildRules = (
			);
			dependencies = (
			);
			name = ThreadsTutorials;
			productName = ThreadsTutorials;
			productReference = 436873B02A94A15900192D64 /* ThreadsTutorials.app */;
			productType = "com.apple.product-type.application";
		};
/* End PBXNativeTarget section */

/* Begin PBXProject section */
		436873A82A94A15900192D64 /* Project object */ = {
			isa = PBXProject;
			attributes = {
				BuildIndependentTargetsInParallel = 1;
				LastSwiftUpdateCheck = 1430;
				LastUpgradeCheck = 1430;
				TargetAttributes = {
					436873AF2A94A15900192D64 = {
						CreatedOnToolsVersion = 14.3;
					};
				};
			};
			buildConfigurationList = 436873AB2A94A15900192D64 /* Build configuration list for PBXProject "ThreadsTutorials" */;
			compatibilityVersion = "Xcode 14.0";
			developmentRegion = en;
			hasScannedForEncodings = 0;
			knownRegions = (
				en,
				Base,
			);
			mainGroup = 436873A72A94A15900192D64;
			productRefGroup = 436873B12A94A15900192D64 /* Products */;
			projectDirPath = "";
			projectRoot = "";
			targets = (
				436873AF2A94A15900192D64 /* ThreadsTutorials */,
			);
		};
/* End PBXProject section */

/* Begin PBXResourcesBuildPhase section */
		436873AE2A94A15900192D64 /* Resources */ = {
			isa = PBXResourcesBuildPhase;
			buildActionMask = 2147483647;
			files = (
				436873BB2A94A15900192D64 /* Preview Assets.xcassets in Resources */,
				436873B82A94A15900192D64 /* Assets.xcassets in Resources */,
			);
			runOnlyForDeploymentPostprocessing = 0;
		};
/* End PBXResourcesBuildPhase section */

/* Begin PBXSourcesBuildPhase section */
		436873AC2A94A15900192D64 /* Sources */ = {
			isa = PBXSourcesBuildPhase;
			buildActionMask = 2147483647;
			files = (
				436139432A972983004DDE89 /* FeedView.swift in Sources */,
				436139462A972998004DDE89 /* ExploreView.swift in Sources */,
				436139362A971B13004DDE89 /* ThreadsButtonModifier.swift in Sources */,
				4361393A2A972258004DDE89 /* ThreadsTabView.swift in Sources */,
				4361394F2A9729D1004DDE89 /* ProfileView.swift in Sources */,
				436873CC2A94A32A00192D64 /* LoginView.swift in Sources */,
				436873B62A94A15900192D64 /* ContentView.swift in Sources */,
				4361394C2A9729C2004DDE89 /* ActivitiyView.swift in Sources */,
				436139342A9719F0004DDE89 /* ThreadsTextFieldModifier.swift in Sources */,
				436873B42A94A15900192D64 /* ThreadsTutorialsApp.swift in Sources */,
				436139312A971646004DDE89 /* RegistrationView.swift in Sources */,
				436139492A9729A7004DDE89 /* ThreadCreationView.swift in Sources */,
			);
			runOnlyForDeploymentPostprocessing = 0;
		};
/* End PBXSourcesBuildPhase section */

/* Begin XCBuildConfiguration section */
		436873BC2A94A15900192D64 /* Debug */ = {
			isa = XCBuildConfiguration;
			buildSettings = {
				ALWAYS_SEARCH_USER_PATHS = NO;
				CLANG_ANALYZER_NONNULL = YES;
				CLANG_ANALYZER_NUMBER_OBJECT_CONVERSION = YES_AGGRESSIVE;
				CLANG_CXX_LANGUAGE_STANDARD = "gnu++20";
				CLANG_ENABLE_MODULES = YES;
				CLANG_ENABLE_OBJC_ARC = YES;
				CLANG_ENABLE_OBJC_WEAK = YES;
				CLANG_WARN_BLOCK_CAPTURE_AUTORELEASING = YES;
				CLANG_WARN_BOOL_CONVERSION = YES;
				CLANG_WARN_COMMA = YES;
				CLANG_WARN_CONSTANT_CONVERSION = YES;
				CLANG_WARN_DEPRECATED_OBJC_IMPLEMENTATIONS = YES;
				CLANG_WARN_DIRECT_OBJC_ISA_USAGE = YES_ERROR;
				CLANG_WARN_DOCUMENTATION_COMMENTS = YES;
				CLANG_WARN_EMPTY_BODY = YES;
				CLANG_WARN_ENUM_CONVERSION = YES;
				CLANG_WARN_INFINITE_RECURSION = YES;
				CLANG_WARN_INT_CONVERSION = YES;
				CLANG_WARN_NON_LITERAL_NULL_CONVERSION = YES;
				CLANG_WARN_OBJC_IMPLICIT_RETAIN_SELF = YES;
				CLANG_WARN_OBJC_LITERAL_CONVERSION = YES;
				CLANG_WARN_OBJC_ROOT_CLASS = YES_ERROR;
				CLANG_WARN_QUOTED_INCLUDE_IN_FRAMEWORK_HEADER = YES;
				CLANG_WARN_RANGE_LOOP_ANALYSIS = YES;
				CLANG_WARN_STRICT_PROTOTYPES = YES;
				CLANG_WARN_SUSPICIOUS_MOVE = YES;
				CLANG_WARN_UNGUARDED_AVAILABILITY = YES_AGGRESSIVE;
				CLANG_WARN_UNREACHABLE_CODE = YES;
				CLANG_WARN__DUPLICATE_METHOD_MATCH = YES;
				COPY_PHASE_STRIP = NO;
				DEBUG_INFORMATION_FORMAT = dwarf;
				ENABLE_STRICT_OBJC_MSGSEND = YES;
				ENABLE_TESTABILITY = YES;
				GCC_C_LANGUAGE_STANDARD = gnu11;
				GCC_DYNAMIC_NO_PIC = NO;
				GCC_NO_COMMON_BLOCKS = YES;
				GCC_OPTIMIZATION_LEVEL = 0;
				GCC_PREPROCESSOR_DEFINITIONS = (
					"DEBUG=1",
					"$(inherited)",
				);
				GCC_WARN_64_TO_32_BIT_CONVERSION = YES;
				GCC_WARN_ABOUT_RETURN_TYPE = YES_ERROR;
				GCC_WARN_UNDECLARED_SELECTOR = YES;
				GCC_WARN_UNINITIALIZED_AUTOS = YES_AGGRESSIVE;
				GCC_WARN_UNUSED_FUNCTION = YES;
				GCC_WARN_UNUSED_VARIABLE = YES;
				IPHONEOS_DEPLOYMENT_TARGET = 16.4;
				MTL_ENABLE_DEBUG_INFO = INCLUDE_SOURCE;
				MTL_FAST_MATH = YES;
				ONLY_ACTIVE_ARCH = YES;
				SDKROOT = iphoneos;
				SWIFT_ACTIVE_COMPILATION_CONDITIONS = DEBUG;
				SWIFT_OPTIMIZATION_LEVEL = "-Onone";
			};
			name = Debug;
		};
		436873BD2A94A15900192D64 /* Release */ = {
			isa = XCBuildConfiguration;
			buildSettings = {
				ALWAYS_SEARCH_USER_PATHS = NO;
				CLANG_ANALYZER_NONNULL = YES;
				CLANG_ANALYZER_NUMBER_OBJECT_CONVERSION = YES_AGGRESSIVE;
				CLANG_CXX_LANGUAGE_STANDARD = "gnu++20";
				CLANG_ENABLE_MODULES = YES;
				CLANG_ENABLE_OBJC_ARC = YES;
				CLANG_ENABLE_OBJC_WEAK = YES;
				CLANG_WARN_BLOCK_CAPTURE_AUTORELEASING = YES;
				CLANG_WARN_BOOL_CONVERSION = YES;
				CLANG_WARN_COMMA = YES;
				CLANG_WARN_CONSTANT_CONVERSION = YES;
				CLANG_WARN_DEPRECATED_OBJC_IMPLEMENTATIONS = YES;
				CLANG_WARN_DIRECT_OBJC_ISA_USAGE = YES_ERROR;
				CLANG_WARN_DOCUMENTATION_COMMENTS = YES;
				CLANG_WARN_EMPTY_BODY = YES;
				CLANG_WARN_ENUM_CONVERSION = YES;
				CLANG_WARN_INFINITE_RECURSION = YES;
				CLANG_WARN_INT_CONVERSION = YES;
				CLANG_WARN_NON_LITERAL_NULL_CONVERSION = YES;
				CLANG_WARN_OBJC_IMPLICIT_RETAIN_SELF = YES;
				CLANG_WARN_OBJC_LITERAL_CONVERSION = YES;
				CLANG_WARN_OBJC_ROOT_CLASS = YES_ERROR;
				CLANG_WARN_QUOTED_INCLUDE_IN_FRAMEWORK_HEADER = YES;
				CLANG_WARN_RANGE_LOOP_ANALYSIS = YES;
				CLANG_WARN_STRICT_PROTOTYPES = YES;
				CLANG_WARN_SUSPICIOUS_MOVE = YES;
				CLANG_WARN_UNGUARDED_AVAILABILITY = YES_AGGRESSIVE;
				CLANG_WARN_UNREACHABLE_CODE = YES;
				CLANG_WARN__DUPLICATE_METHOD_MATCH = YES;
				COPY_PHASE_STRIP = NO;
				DEBUG_INFORMATION_FORMAT = "dwarf-with-dsym";
				ENABLE_NS_ASSERTIONS = NO;
				ENABLE_STRICT_OBJC_MSGSEND = YES;
				GCC_C_LANGUAGE_STANDARD = gnu11;
				GCC_NO_COMMON_BLOCKS = YES;
				GCC_WARN_64_TO_32_BIT_CONVERSION = YES;
				GCC_WARN_ABOUT_RETURN_TYPE = YES_ERROR;
				GCC_WARN_UNDECLARED_SELECTOR = YES;
				GCC_WARN_UNINITIALIZED_AUTOS = YES_AGGRESSIVE;
				GCC_WARN_UNUSED_FUNCTION = YES;
				GCC_WARN_UNUSED_VARIABLE = YES;
				IPHONEOS_DEPLOYMENT_TARGET = 16.4;
				MTL_ENABLE_DEBUG_INFO = NO;
				MTL_FAST_MATH = YES;
				SDKROOT = iphoneos;
				SWIFT_COMPILATION_MODE = wholemodule;
				SWIFT_OPTIMIZATION_LEVEL = "-O";
				VALIDATE_PRODUCT = YES;
			};
			name = Release;
		};
		436873BF2A94A15900192D64 /* Debug */ = {
			isa = XCBuildConfiguration;
			buildSettings = {
				ASSETCATALOG_COMPILER_APPICON_NAME = AppIcon;
				ASSETCATALOG_COMPILER_GLOBAL_ACCENT_COLOR_NAME = AccentColor;
				CODE_SIGN_STYLE = Automatic;
				CURRENT_PROJECT_VERSION = 1;
				DEVELOPMENT_ASSET_PATHS = "\"ThreadsTutorials/Preview Content\"";
				DEVELOPMENT_TEAM = 8UST2MM462;
				ENABLE_PREVIEWS = YES;
				GENERATE_INFOPLIST_FILE = YES;
				INFOPLIST_KEY_UIApplicationSceneManifest_Generation = YES;
				INFOPLIST_KEY_UIApplicationSupportsIndirectInputEvents = YES;
				INFOPLIST_KEY_UILaunchScreen_Generation = YES;
				INFOPLIST_KEY_UISupportedInterfaceOrientations_iPad = "UIInterfaceOrientationPortrait UIInterfaceOrientationPortraitUpsideDown UIInterfaceOrientationLandscapeLeft UIInterfaceOrientationLandscapeRight";
				INFOPLIST_KEY_UISupportedInterfaceOrientations_iPhone = "UIInterfaceOrientationPortrait UIInterfaceOrientationLandscapeLeft UIInterfaceOrientationLandscapeRight";
				LD_RUNPATH_SEARCH_PATHS = (
					"$(inherited)",
					"@executable_path/Frameworks",
				);
				MARKETING_VERSION = 1.0;
				PRODUCT_BUNDLE_IDENTIFIER = com.JihyunLee.ThreadsTutorials;
				PRODUCT_NAME = "$(TARGET_NAME)";
				SWIFT_EMIT_LOC_STRINGS = YES;
				SWIFT_VERSION = 5.0;
				TARGETED_DEVICE_FAMILY = "1,2";
			};
			name = Debug;
		};
		436873C02A94A15900192D64 /* Release */ = {
			isa = XCBuildConfiguration;
			buildSettings = {
				ASSETCATALOG_COMPILER_APPICON_NAME = AppIcon;
				ASSETCATALOG_COMPILER_GLOBAL_ACCENT_COLOR_NAME = AccentColor;
				CODE_SIGN_STYLE = Automatic;
				CURRENT_PROJECT_VERSION = 1;
				DEVELOPMENT_ASSET_PATHS = "\"ThreadsTutorials/Preview Content\"";
				DEVELOPMENT_TEAM = 8UST2MM462;
				ENABLE_PREVIEWS = YES;
				GENERATE_INFOPLIST_FILE = YES;
				INFOPLIST_KEY_UIApplicationSceneManifest_Generation = YES;
				INFOPLIST_KEY_UIApplicationSupportsIndirectInputEvents = YES;
				INFOPLIST_KEY_UILaunchScreen_Generation = YES;
				INFOPLIST_KEY_UISupportedInterfaceOrientations_iPad = "UIInterfaceOrientationPortrait UIInterfaceOrientationPortraitUpsideDown UIInterfaceOrientationLandscapeLeft UIInterfaceOrientationLandscapeRight";
				INFOPLIST_KEY_UISupportedInterfaceOrientations_iPhone = "UIInterfaceOrientationPortrait UIInterfaceOrientationLandscapeLeft UIInterfaceOrientationLandscapeRight";
				LD_RUNPATH_SEARCH_PATHS = (
					"$(inherited)",
					"@executable_path/Frameworks",
				);
				MARKETING_VERSION = 1.0;
				PRODUCT_BUNDLE_IDENTIFIER = com.JihyunLee.ThreadsTutorials;
				PRODUCT_NAME = "$(TARGET_NAME)";
				SWIFT_EMIT_LOC_STRINGS = YES;
				SWIFT_VERSION = 5.0;
				TARGETED_DEVICE_FAMILY = "1,2";
			};
			name = Release;
		};
/* End XCBuildConfiguration section */

/* Begin XCConfigurationList section */
		436873AB2A94A15900192D64 /* Build configuration list for PBXProject "ThreadsTutorials" */ = {
			isa = XCConfigurationList;
			buildConfigurations = (
				436873BC2A94A15900192D64 /* Debug */,
				436873BD2A94A15900192D64 /* Release */,
			);
			defaultConfigurationIsVisible = 0;
			defaultConfigurationName = Release;
		};
		436873BE2A94A15900192D64 /* Build configuration list for PBXNativeTarget "ThreadsTutorials" */ = {
			isa = XCConfigurationList;
			buildConfigurations = (
				436873BF2A94A15900192D64 /* Debug */,
				436873C02A94A15900192D64 /* Release */,
			);
			defaultConfigurationIsVisible = 0;
			defaultConfigurationName = Release;
		};
/* End XCConfigurationList section */
	};
	rootObject = 436873A82A94A15900192D64 /* Project object */;
}
